// !$*UTF8*$!
{
	archiveVersion = 1;
	classes = {
	};
	objectVersion = 46;
	objects = {

/* Begin PBXBuildFile section */
		AF510715CD3973461B543C9C /* Pods_Saturn.framework in Frameworks */ = {isa = PBXBuildFile; fileRef = 36AC690F77C8381082989064 /* Pods_Saturn.framework */; };
		E714F1661F375F7F006A76E4 /* RSS.swift in Sources */ = {isa = PBXBuildFile; fileRef = E714F1651F375F7F006A76E4 /* RSS.swift */; };
		E736794E1EFED20A00859696 /* NewsSource+Fetchable.swift in Sources */ = {isa = PBXBuildFile; fileRef = E736794D1EFED20A00859696 /* NewsSource+Fetchable.swift */; };
		E73679541EFEDB0200859696 /* NewsProvider+Fetchable.swift in Sources */ = {isa = PBXBuildFile; fileRef = E73679531EFEDB0200859696 /* NewsProvider+Fetchable.swift */; };
		E74D10021EC4FE870057E519 /* AppDelegate.swift in Sources */ = {isa = PBXBuildFile; fileRef = E74D10011EC4FE870057E519 /* AppDelegate.swift */; };
		E74D10071EC4FE870057E519 /* Main.storyboard in Resources */ = {isa = PBXBuildFile; fileRef = E74D10051EC4FE870057E519 /* Main.storyboard */; };
		E74D100A1EC4FE870057E519 /* Saturn.xcdatamodeld in Sources */ = {isa = PBXBuildFile; fileRef = E74D10081EC4FE870057E519 /* Saturn.xcdatamodeld */; };
		E74D100C1EC4FE870057E519 /* Assets.xcassets in Resources */ = {isa = PBXBuildFile; fileRef = E74D100B1EC4FE870057E519 /* Assets.xcassets */; };
		E74D100F1EC4FE870057E519 /* LaunchScreen.storyboard in Resources */ = {isa = PBXBuildFile; fileRef = E74D100D1EC4FE870057E519 /* LaunchScreen.storyboard */; };
		E74D101A1EC4FE870057E519 /* SaturnTests.swift in Sources */ = {isa = PBXBuildFile; fileRef = E74D10191EC4FE870057E519 /* SaturnTests.swift */; };
		E74E59801EC9085C008F8248 /* ModelController.swift in Sources */ = {isa = PBXBuildFile; fileRef = E74E597F1EC9085C008F8248 /* ModelController.swift */; };
		E75961931EE470C40030921F /* FeedEditorTableViewController.swift in Sources */ = {isa = PBXBuildFile; fileRef = E75961921EE470C40030921F /* FeedEditorTableViewController.swift */; };
		E75961971EE4B0DE0030921F /* NameTableViewCell.swift in Sources */ = {isa = PBXBuildFile; fileRef = E75961961EE4B0DE0030921F /* NameTableViewCell.swift */; };
		E760B74A1F1D2FE00020BC81 /* Facebook.swift in Sources */ = {isa = PBXBuildFile; fileRef = E760B7491F1D2FE00020BC81 /* Facebook.swift */; };
		E7705E571ECCDE2C0047D1E7 /* ModelTableViewController.swift in Sources */ = {isa = PBXBuildFile; fileRef = E7705E561ECCDE2C0047D1E7 /* ModelTableViewController.swift */; };
		E776FCF51F112DE5001CFC42 /* NewsTableViewController.swift in Sources */ = {isa = PBXBuildFile; fileRef = E776FCF41F112DE4001CFC42 /* NewsTableViewController.swift */; };
		E787C8B81ECB9175000D7728 /* FeedListTableViewController.swift in Sources */ = {isa = PBXBuildFile; fileRef = E787C8B71ECB9175000D7728 /* FeedListTableViewController.swift */; };
		E787C8BA1ECB9267000D7728 /* FeedTableViewCell.swift in Sources */ = {isa = PBXBuildFile; fileRef = E787C8B91ECB9267000D7728 /* FeedTableViewCell.swift */; };
		E7882B181F1BBFA1007E4512 /* Fetchable.swift in Sources */ = {isa = PBXBuildFile; fileRef = E7882B171F1BBFA1007E4512 /* Fetchable.swift */; };
		E7882B1C1F1BC20B007E4512 /* Twitter.swift in Sources */ = {isa = PBXBuildFile; fileRef = E7882B1B1F1BC20B007E4512 /* Twitter.swift */; };
		E792068C1F13DFA400E81470 /* NewsFeed+Fetchable.swift in Sources */ = {isa = PBXBuildFile; fileRef = E792068B1F13DFA400E81470 /* NewsFeed+Fetchable.swift */; };
		E7AB991C1EE8740C00E3BFFF /* AddSourceTableViewCell.swift in Sources */ = {isa = PBXBuildFile; fileRef = E7AB991B1EE8740C00E3BFFF /* AddSourceTableViewCell.swift */; };
		E7AB991E1EE880ED00E3BFFF /* SourceTableViewCell.swift in Sources */ = {isa = PBXBuildFile; fileRef = E7AB991D1EE880ED00E3BFFF /* SourceTableViewCell.swift */; };
		E7AF37571F44AFCB002060E9 /* News.swift in Sources */ = {isa = PBXBuildFile; fileRef = E7AF37561F44AFCB002060E9 /* News.swift */; };
		E7AF54691F214E970011BF93 /* YouTube.swift in Sources */ = {isa = PBXBuildFile; fileRef = E7AF54681F214E970011BF93 /* YouTube.swift */; };
		E7C5FC441F3CFCC800F5D9C7 /* Reddit.swift in Sources */ = {isa = PBXBuildFile; fileRef = E7C5FC431F3CFCC800F5D9C7 /* Reddit.swift */; };
		E7CA97C91EFEB44200BD5DE6 /* NewsProviderIdentifier.swift in Sources */ = {isa = PBXBuildFile; fileRef = E7CA97C81EFEB44200BD5DE6 /* NewsProviderIdentifier.swift */; };
		E7D1CCD21F3D044900E31E5E /* FeedEditor.storyboard in Resources */ = {isa = PBXBuildFile; fileRef = E7D1CCD41F3D044900E31E5E /* FeedEditor.storyboard */; };
		E7D1CCD71F3D05BA00E31E5E /* Localizable.strings in Resources */ = {isa = PBXBuildFile; fileRef = E7D1CCD51F3D05BA00E31E5E /* Localizable.strings */; };
		E7F3E8CB1F23E7F0003F80D4 /* FetchConstants.swift in Sources */ = {isa = PBXBuildFile; fileRef = E7F3E8CA1F23E7F0003F80D4 /* FetchConstants.swift */; };
		E7FC7E8B1F1C314C00734AAE /* NewsTableViewCell.swift in Sources */ = {isa = PBXBuildFile; fileRef = E7FC7E8A1F1C314C00734AAE /* NewsTableViewCell.swift */; };
		FAA0B3257A0D0E8ED4EB1126 /* Pods_SaturnTests.framework in Frameworks */ = {isa = PBXBuildFile; fileRef = D0C67F2A32EF6748894E0530 /* Pods_SaturnTests.framework */; };
/* End PBXBuildFile section */

/* Begin PBXContainerItemProxy section */
		E74D10161EC4FE870057E519 /* PBXContainerItemProxy */ = {
			isa = PBXContainerItemProxy;
			containerPortal = E74D0FF61EC4FE870057E519 /* Project object */;
			proxyType = 1;
			remoteGlobalIDString = E74D0FFD1EC4FE870057E519;
			remoteInfo = Saturn;
		};
/* End PBXContainerItemProxy section */

/* Begin PBXFileReference section */
		36AC690F77C8381082989064 /* Pods_Saturn.framework */ = {isa = PBXFileReference; explicitFileType = wrapper.framework; includeInIndex = 0; path = Pods_Saturn.framework; sourceTree = BUILT_PRODUCTS_DIR; };
		69CA75CC4FC4BFA3BE21445E /* Pods-Saturn.release.xcconfig */ = {isa = PBXFileReference; includeInIndex = 1; lastKnownFileType = text.xcconfig; name = "Pods-Saturn.release.xcconfig"; path = "Pods/Target Support Files/Pods-Saturn/Pods-Saturn.release.xcconfig"; sourceTree = "<group>"; };
		6B34A9940099C16666BD4905 /* Pods-SaturnTests.release.xcconfig */ = {isa = PBXFileReference; includeInIndex = 1; lastKnownFileType = text.xcconfig; name = "Pods-SaturnTests.release.xcconfig"; path = "Pods/Target Support Files/Pods-SaturnTests/Pods-SaturnTests.release.xcconfig"; sourceTree = "<group>"; };
		8DC5679DB6A89A3C1D654417 /* Pods-SaturnTests.debug.xcconfig */ = {isa = PBXFileReference; includeInIndex = 1; lastKnownFileType = text.xcconfig; name = "Pods-SaturnTests.debug.xcconfig"; path = "Pods/Target Support Files/Pods-SaturnTests/Pods-SaturnTests.debug.xcconfig"; sourceTree = "<group>"; };
		D0C67F2A32EF6748894E0530 /* Pods_SaturnTests.framework */ = {isa = PBXFileReference; explicitFileType = wrapper.framework; includeInIndex = 0; path = Pods_SaturnTests.framework; sourceTree = BUILT_PRODUCTS_DIR; };
		E06FCF65D2E3A172E1C31169 /* Pods-Saturn.debug.xcconfig */ = {isa = PBXFileReference; includeInIndex = 1; lastKnownFileType = text.xcconfig; name = "Pods-Saturn.debug.xcconfig"; path = "Pods/Target Support Files/Pods-Saturn/Pods-Saturn.debug.xcconfig"; sourceTree = "<group>"; };
		E714F1651F375F7F006A76E4 /* RSS.swift */ = {isa = PBXFileReference; lastKnownFileType = sourcecode.swift; path = RSS.swift; sourceTree = "<group>"; };
		E736794D1EFED20A00859696 /* NewsSource+Fetchable.swift */ = {isa = PBXFileReference; fileEncoding = 4; lastKnownFileType = sourcecode.swift; path = "NewsSource+Fetchable.swift"; sourceTree = "<group>"; };
		E73679531EFEDB0200859696 /* NewsProvider+Fetchable.swift */ = {isa = PBXFileReference; fileEncoding = 4; lastKnownFileType = sourcecode.swift; path = "NewsProvider+Fetchable.swift"; sourceTree = "<group>"; };
		E74B99681EFE6A37007E45CB /* README.md */ = {isa = PBXFileReference; fileEncoding = 4; lastKnownFileType = net.daringfireball.markdown; name = README.md; path = ../README.md; sourceTree = "<group>"; };
		E74D0FFE1EC4FE870057E519 /* Saturn.app */ = {isa = PBXFileReference; explicitFileType = wrapper.application; includeInIndex = 0; path = Saturn.app; sourceTree = BUILT_PRODUCTS_DIR; };
		E74D10011EC4FE870057E519 /* AppDelegate.swift */ = {isa = PBXFileReference; lastKnownFileType = sourcecode.swift; path = AppDelegate.swift; sourceTree = "<group>"; };
		E74D10061EC4FE870057E519 /* Base */ = {isa = PBXFileReference; lastKnownFileType = file.storyboard; name = Base; path = Base.lproj/Main.storyboard; sourceTree = "<group>"; };
		E74D10091EC4FE870057E519 /* Saturn.xcdatamodel */ = {isa = PBXFileReference; lastKnownFileType = wrapper.xcdatamodel; path = Saturn.xcdatamodel; sourceTree = "<group>"; };
		E74D100B1EC4FE870057E519 /* Assets.xcassets */ = {isa = PBXFileReference; lastKnownFileType = folder.assetcatalog; path = Assets.xcassets; sourceTree = "<group>"; };
		E74D100E1EC4FE870057E519 /* Base */ = {isa = PBXFileReference; lastKnownFileType = file.storyboard; name = Base; path = Base.lproj/LaunchScreen.storyboard; sourceTree = "<group>"; };
		E74D10101EC4FE870057E519 /* Info.plist */ = {isa = PBXFileReference; lastKnownFileType = text.plist.xml; path = Info.plist; sourceTree = "<group>"; };
		E74D10151EC4FE870057E519 /* SaturnTests.xctest */ = {isa = PBXFileReference; explicitFileType = wrapper.cfbundle; includeInIndex = 0; path = SaturnTests.xctest; sourceTree = BUILT_PRODUCTS_DIR; };
		E74D10191EC4FE870057E519 /* SaturnTests.swift */ = {isa = PBXFileReference; lastKnownFileType = sourcecode.swift; path = SaturnTests.swift; sourceTree = "<group>"; };
		E74D101B1EC4FE870057E519 /* Info.plist */ = {isa = PBXFileReference; lastKnownFileType = text.plist.xml; path = Info.plist; sourceTree = "<group>"; };
		E74E597F1EC9085C008F8248 /* ModelController.swift */ = {isa = PBXFileReference; fileEncoding = 4; lastKnownFileType = sourcecode.swift; path = ModelController.swift; sourceTree = "<group>"; };
		E75961921EE470C40030921F /* FeedEditorTableViewController.swift */ = {isa = PBXFileReference; fileEncoding = 4; lastKnownFileType = sourcecode.swift; path = FeedEditorTableViewController.swift; sourceTree = "<group>"; };
		E75961961EE4B0DE0030921F /* NameTableViewCell.swift */ = {isa = PBXFileReference; fileEncoding = 4; lastKnownFileType = sourcecode.swift; path = NameTableViewCell.swift; sourceTree = "<group>"; };
		E760B7491F1D2FE00020BC81 /* Facebook.swift */ = {isa = PBXFileReference; fileEncoding = 4; lastKnownFileType = sourcecode.swift; path = Facebook.swift; sourceTree = "<group>"; };
		E7705E561ECCDE2C0047D1E7 /* ModelTableViewController.swift */ = {isa = PBXFileReference; fileEncoding = 4; lastKnownFileType = sourcecode.swift; path = ModelTableViewController.swift; sourceTree = "<group>"; };
		E776FCF41F112DE4001CFC42 /* NewsTableViewController.swift */ = {isa = PBXFileReference; fileEncoding = 4; lastKnownFileType = sourcecode.swift; path = NewsTableViewController.swift; sourceTree = "<group>"; };
		E787C8B71ECB9175000D7728 /* FeedListTableViewController.swift */ = {isa = PBXFileReference; fileEncoding = 4; lastKnownFileType = sourcecode.swift; path = FeedListTableViewController.swift; sourceTree = "<group>"; };
		E787C8B91ECB9267000D7728 /* FeedTableViewCell.swift */ = {isa = PBXFileReference; fileEncoding = 4; lastKnownFileType = sourcecode.swift; path = FeedTableViewCell.swift; sourceTree = "<group>"; };
		E7882B171F1BBFA1007E4512 /* Fetchable.swift */ = {isa = PBXFileReference; fileEncoding = 4; lastKnownFileType = sourcecode.swift; path = Fetchable.swift; sourceTree = "<group>"; };
		E7882B1B1F1BC20B007E4512 /* Twitter.swift */ = {isa = PBXFileReference; fileEncoding = 4; lastKnownFileType = sourcecode.swift; path = Twitter.swift; sourceTree = "<group>"; };
		E792068B1F13DFA400E81470 /* NewsFeed+Fetchable.swift */ = {isa = PBXFileReference; fileEncoding = 4; lastKnownFileType = sourcecode.swift; path = "NewsFeed+Fetchable.swift"; sourceTree = "<group>"; };
		E7AB991B1EE8740C00E3BFFF /* AddSourceTableViewCell.swift */ = {isa = PBXFileReference; fileEncoding = 4; lastKnownFileType = sourcecode.swift; path = AddSourceTableViewCell.swift; sourceTree = "<group>"; };
		E7AB991D1EE880ED00E3BFFF /* SourceTableViewCell.swift */ = {isa = PBXFileReference; fileEncoding = 4; lastKnownFileType = sourcecode.swift; path = SourceTableViewCell.swift; sourceTree = "<group>"; };
		E7AF37561F44AFCB002060E9 /* News.swift */ = {isa = PBXFileReference; lastKnownFileType = sourcecode.swift; path = News.swift; sourceTree = "<group>"; };
		E7AF54681F214E970011BF93 /* YouTube.swift */ = {isa = PBXFileReference; lastKnownFileType = sourcecode.swift; path = YouTube.swift; sourceTree = "<group>"; };
		E7C5FC431F3CFCC800F5D9C7 /* Reddit.swift */ = {isa = PBXFileReference; lastKnownFileType = sourcecode.swift; path = Reddit.swift; sourceTree = "<group>"; };
		E7CA97C81EFEB44200BD5DE6 /* NewsProviderIdentifier.swift */ = {isa = PBXFileReference; fileEncoding = 4; lastKnownFileType = sourcecode.swift; path = NewsProviderIdentifier.swift; sourceTree = "<group>"; };
		E7D1CCD31F3D044900E31E5E /* Base */ = {isa = PBXFileReference; lastKnownFileType = file.storyboard; name = Base; path = Base.lproj/FeedEditor.storyboard; sourceTree = "<group>"; };
		E7D1CCD61F3D05BA00E31E5E /* Base */ = {isa = PBXFileReference; lastKnownFileType = text.plist.strings; name = Base; path = Base.lproj/Localizable.strings; sourceTree = "<group>"; };
		E7F3E8CA1F23E7F0003F80D4 /* FetchConstants.swift */ = {isa = PBXFileReference; lastKnownFileType = sourcecode.swift; path = FetchConstants.swift; sourceTree = "<group>"; };
		E7FC7E8A1F1C314C00734AAE /* NewsTableViewCell.swift */ = {isa = PBXFileReference; fileEncoding = 4; lastKnownFileType = sourcecode.swift; path = NewsTableViewCell.swift; sourceTree = "<group>"; };
/* End PBXFileReference section */

/* Begin PBXFrameworksBuildPhase section */
		E74D0FFB1EC4FE870057E519 /* Frameworks */ = {
			isa = PBXFrameworksBuildPhase;
			buildActionMask = 2147483647;
			files = (
				AF510715CD3973461B543C9C /* Pods_Saturn.framework in Frameworks */,
			);
			runOnlyForDeploymentPostprocessing = 0;
		};
		E74D10121EC4FE870057E519 /* Frameworks */ = {
			isa = PBXFrameworksBuildPhase;
			buildActionMask = 2147483647;
			files = (
				FAA0B3257A0D0E8ED4EB1126 /* Pods_SaturnTests.framework in Frameworks */,
			);
			runOnlyForDeploymentPostprocessing = 0;
		};
/* End PBXFrameworksBuildPhase section */

/* Begin PBXGroup section */
		141E4C59126329AA34FD34CA /* Frameworks */ = {
			isa = PBXGroup;
			children = (
				36AC690F77C8381082989064 /* Pods_Saturn.framework */,
				D0C67F2A32EF6748894E0530 /* Pods_SaturnTests.framework */,
			);
			name = Frameworks;
			sourceTree = "<group>";
		};
		8171158A43143F11241D7F17 /* Pods */ = {
			isa = PBXGroup;
			children = (
				E06FCF65D2E3A172E1C31169 /* Pods-Saturn.debug.xcconfig */,
				69CA75CC4FC4BFA3BE21445E /* Pods-Saturn.release.xcconfig */,
				8DC5679DB6A89A3C1D654417 /* Pods-SaturnTests.debug.xcconfig */,
				6B34A9940099C16666BD4905 /* Pods-SaturnTests.release.xcconfig */,
			);
			name = Pods;
			sourceTree = "<group>";
		};
		E74D0FF51EC4FE870057E519 = {
			isa = PBXGroup;
			children = (
				E74B99681EFE6A37007E45CB /* README.md */,
				E74D10001EC4FE870057E519 /* Saturn */,
				E74D10181EC4FE870057E519 /* SaturnTests */,
				E74D0FFF1EC4FE870057E519 /* Products */,
				8171158A43143F11241D7F17 /* Pods */,
				141E4C59126329AA34FD34CA /* Frameworks */,
			);
			sourceTree = "<group>";
		};
		E74D0FFF1EC4FE870057E519 /* Products */ = {
			isa = PBXGroup;
			children = (
				E74D0FFE1EC4FE870057E519 /* Saturn.app */,
				E74D10151EC4FE870057E519 /* SaturnTests.xctest */,
			);
			name = Products;
			sourceTree = "<group>";
		};
		E74D10001EC4FE870057E519 /* Saturn */ = {
			isa = PBXGroup;
			children = (
				E74D10101EC4FE870057E519 /* Info.plist */,
				E74D100B1EC4FE870057E519 /* Assets.xcassets */,
				E7D1CCD51F3D05BA00E31E5E /* Localizable.strings */,
				E74D10241EC50E120057E519 /* Model */,
				E74D10271EC50E4C0057E519 /* Controller */,
				E74D10251EC50E2B0057E519 /* View */,
			);
			path = Saturn;
			sourceTree = "<group>";
		};
		E74D10181EC4FE870057E519 /* SaturnTests */ = {
			isa = PBXGroup;
			children = (
				E74D10191EC4FE870057E519 /* SaturnTests.swift */,
				E74D101B1EC4FE870057E519 /* Info.plist */,
			);
			path = SaturnTests;
			sourceTree = "<group>";
		};
		E74D10241EC50E120057E519 /* Model */ = {
			isa = PBXGroup;
			children = (
				E74D10081EC4FE870057E519 /* Saturn.xcdatamodeld */,
				E7CA97C81EFEB44200BD5DE6 /* NewsProviderIdentifier.swift */,
				E7AF37561F44AFCB002060E9 /* News.swift */,
			);
			name = Model;
			sourceTree = "<group>";
		};
		E74D10251EC50E2B0057E519 /* View */ = {
			isa = PBXGroup;
			children = (
				E7D1CCD41F3D044900E31E5E /* FeedEditor.storyboard */,
				E74D100D1EC4FE870057E519 /* LaunchScreen.storyboard */,
				E74D10051EC4FE870057E519 /* Main.storyboard */,
				E7CA97C71EFEB01300BD5DE6 /* Table View Cell */,
			);
			name = View;
			sourceTree = "<group>";
		};
		E74D10271EC50E4C0057E519 /* Controller */ = {
			isa = PBXGroup;
			children = (
				E74E597F1EC9085C008F8248 /* ModelController.swift */,
				E74D10011EC4FE870057E519 /* AppDelegate.swift */,
				E7882B161F1BBF8E007E4512 /* Fetchable */,
				E7CA97C61EFEAFD300BD5DE6 /* View Controller */,
			);
			name = Controller;
			sourceTree = "<group>";
		};
		E7882B161F1BBF8E007E4512 /* Fetchable */ = {
			isa = PBXGroup;
			children = (
				E7882B171F1BBFA1007E4512 /* Fetchable.swift */,
				E73679531EFEDB0200859696 /* NewsProvider+Fetchable.swift */,
				E736794D1EFED20A00859696 /* NewsSource+Fetchable.swift */,
				E792068B1F13DFA400E81470 /* NewsFeed+Fetchable.swift */,
				E760B7491F1D2FE00020BC81 /* Facebook.swift */,
				E7C5FC431F3CFCC800F5D9C7 /* Reddit.swift */,
				E714F1651F375F7F006A76E4 /* RSS.swift */,
				E7882B1B1F1BC20B007E4512 /* Twitter.swift */,
				E7AF54681F214E970011BF93 /* YouTube.swift */,
				E7F3E8CA1F23E7F0003F80D4 /* FetchConstants.swift */,
			);
			name = Fetchable;
			sourceTree = "<group>";
		};
		E7882B1F1F1BD41C007E4512 /* Feed Editor Story */ = {
			isa = PBXGroup;
			children = (
				E75961921EE470C40030921F /* FeedEditorTableViewController.swift */,
			);
			name = "Feed Editor Story";
			sourceTree = "<group>";
		};
		E7882B201F1BD44D007E4512 /* Main Story */ = {
			isa = PBXGroup;
			children = (
				E787C8B71ECB9175000D7728 /* FeedListTableViewController.swift */,
				E776FCF41F112DE4001CFC42 /* NewsTableViewController.swift */,
			);
			name = "Main Story";
			sourceTree = "<group>";
		};
		E7CA97C61EFEAFD300BD5DE6 /* View Controller */ = {
			isa = PBXGroup;
			children = (
				E7705E561ECCDE2C0047D1E7 /* ModelTableViewController.swift */,
				E7882B201F1BD44D007E4512 /* Main Story */,
				E7882B1F1F1BD41C007E4512 /* Feed Editor Story */,
			);
			name = "View Controller";
			sourceTree = "<group>";
		};
		E7CA97C71EFEB01300BD5DE6 /* Table View Cell */ = {
			isa = PBXGroup;
			children = (
				E7AB991B1EE8740C00E3BFFF /* AddSourceTableViewCell.swift */,
				E787C8B91ECB9267000D7728 /* FeedTableViewCell.swift */,
				E75961961EE4B0DE0030921F /* NameTableViewCell.swift */,
				E7FC7E8A1F1C314C00734AAE /* NewsTableViewCell.swift */,
				E7AB991D1EE880ED00E3BFFF /* SourceTableViewCell.swift */,
			);
			name = "Table View Cell";
			sourceTree = "<group>";
		};
/* End PBXGroup section */

/* Begin PBXNativeTarget section */
		E74D0FFD1EC4FE870057E519 /* Saturn */ = {
			isa = PBXNativeTarget;
			buildConfigurationList = E74D101E1EC4FE870057E519 /* Build configuration list for PBXNativeTarget "Saturn" */;
			buildPhases = (
				875410CA9D3714A5D5D9FFCF /* [CP] Check Pods Manifest.lock */,
				E74D0FFA1EC4FE870057E519 /* Sources */,
				E74D0FFB1EC4FE870057E519 /* Frameworks */,
				E74D0FFC1EC4FE870057E519 /* Resources */,
				E733B64C1EEEEC7200FC1CEA /* Run SwiftLint */,
				4A195E15AAEAFC2049D726F1 /* [CP] Embed Pods Frameworks */,
				CBAA4CF07064E0B4DA087907 /* [CP] Copy Pods Resources */,
			);
			buildRules = (
			);
			dependencies = (
			);
			name = Saturn;
			productName = Saturn;
			productReference = E74D0FFE1EC4FE870057E519 /* Saturn.app */;
			productType = "com.apple.product-type.application";
		};
		E74D10141EC4FE870057E519 /* SaturnTests */ = {
			isa = PBXNativeTarget;
			buildConfigurationList = E74D10211EC4FE870057E519 /* Build configuration list for PBXNativeTarget "SaturnTests" */;
			buildPhases = (
				093D17A16B197B1C33A9F98F /* [CP] Check Pods Manifest.lock */,
				E74D10111EC4FE870057E519 /* Sources */,
				E74D10121EC4FE870057E519 /* Frameworks */,
				E74D10131EC4FE870057E519 /* Resources */,
				BACF96A479CB7F3AE740C164 /* [CP] Embed Pods Frameworks */,
				D95DE808A6FB4614C56CB0D1 /* [CP] Copy Pods Resources */,
			);
			buildRules = (
			);
			dependencies = (
				E74D10171EC4FE870057E519 /* PBXTargetDependency */,
			);
			name = SaturnTests;
			productName = SaturnTests;
			productReference = E74D10151EC4FE870057E519 /* SaturnTests.xctest */;
			productType = "com.apple.product-type.bundle.unit-test";
		};
/* End PBXNativeTarget section */

/* Begin PBXProject section */
		E74D0FF61EC4FE870057E519 /* Project object */ = {
			isa = PBXProject;
			attributes = {
				LastSwiftUpdateCheck = 0830;
				LastUpgradeCheck = 0900;
				ORGANIZATIONNAME = "Zsolt Mester";
				TargetAttributes = {
					E74D0FFD1EC4FE870057E519 = {
						CreatedOnToolsVersion = 8.3.2;
						DevelopmentTeam = TA8QE3C2AH;
						LastSwiftMigration = 0900;
						ProvisioningStyle = Manual;
					};
					E74D10141EC4FE870057E519 = {
						CreatedOnToolsVersion = 8.3.2;
						DevelopmentTeam = TA8QE3C2AH;
						LastSwiftMigration = 0900;
						ProvisioningStyle = Automatic;
						TestTargetID = E74D0FFD1EC4FE870057E519;
					};
				};
			};
			buildConfigurationList = E74D0FF91EC4FE870057E519 /* Build configuration list for PBXProject "Saturn" */;
			compatibilityVersion = "Xcode 3.2";
			developmentRegion = English;
			hasScannedForEncodings = 0;
			knownRegions = (
				en,
				Base,
			);
			mainGroup = E74D0FF51EC4FE870057E519;
			productRefGroup = E74D0FFF1EC4FE870057E519 /* Products */;
			projectDirPath = "";
			projectRoot = "";
			targets = (
				E74D0FFD1EC4FE870057E519 /* Saturn */,
				E74D10141EC4FE870057E519 /* SaturnTests */,
			);
		};
/* End PBXProject section */

/* Begin PBXResourcesBuildPhase section */
		E74D0FFC1EC4FE870057E519 /* Resources */ = {
			isa = PBXResourcesBuildPhase;
			buildActionMask = 2147483647;
			files = (
				E7D1CCD71F3D05BA00E31E5E /* Localizable.strings in Resources */,
				E74D100F1EC4FE870057E519 /* LaunchScreen.storyboard in Resources */,
				E74D100C1EC4FE870057E519 /* Assets.xcassets in Resources */,
				E7D1CCD21F3D044900E31E5E /* FeedEditor.storyboard in Resources */,
				E74D10071EC4FE870057E519 /* Main.storyboard in Resources */,
			);
			runOnlyForDeploymentPostprocessing = 0;
		};
		E74D10131EC4FE870057E519 /* Resources */ = {
			isa = PBXResourcesBuildPhase;
			buildActionMask = 2147483647;
			files = (
			);
			runOnlyForDeploymentPostprocessing = 0;
		};
/* End PBXResourcesBuildPhase section */

/* Begin PBXShellScriptBuildPhase section */
		093D17A16B197B1C33A9F98F /* [CP] Check Pods Manifest.lock */ = {
			isa = PBXShellScriptBuildPhase;
			buildActionMask = 2147483647;
			files = (
			);
			inputPaths = (
				"${PODS_PODFILE_DIR_PATH}/Podfile.lock",
				"${PODS_ROOT}/Manifest.lock",
			);
			name = "[CP] Check Pods Manifest.lock";
			outputPaths = (
				"$(DERIVED_FILE_DIR)/Pods-SaturnTests-checkManifestLockResult.txt",
			);
			runOnlyForDeploymentPostprocessing = 0;
			shellPath = /bin/sh;
			shellScript = "diff \"${PODS_PODFILE_DIR_PATH}/Podfile.lock\" \"${PODS_ROOT}/Manifest.lock\" > /dev/null\nif [ $? != 0 ] ; then\n    # print error to STDERR\n    echo \"error: The sandbox is not in sync with the Podfile.lock. Run 'pod install' or update your CocoaPods installation.\" >&2\n    exit 1\nfi\n# This output is used by Xcode 'outputs' to avoid re-running this script phase.\necho \"SUCCESS\" > \"${SCRIPT_OUTPUT_FILE_0}\"\n";
			showEnvVarsInLog = 0;
		};
		4A195E15AAEAFC2049D726F1 /* [CP] Embed Pods Frameworks */ = {
			isa = PBXShellScriptBuildPhase;
			buildActionMask = 2147483647;
			files = (
			);
			inputPaths = (
				"${SRCROOT}/Pods/Target Support Files/Pods-Saturn/Pods-Saturn-frameworks.sh",
				"${BUILT_PRODUCTS_DIR}/Bolts/Bolts.framework",
				"${BUILT_PRODUCTS_DIR}/FBSDKCoreKit/FBSDKCoreKit.framework",
				"${BUILT_PRODUCTS_DIR}/FBSDKLoginKit/FBSDKLoginKit.framework",
				"${BUILT_PRODUCTS_DIR}/FacebookCore/FacebookCore.framework",
				"${BUILT_PRODUCTS_DIR}/FacebookLogin/FacebookLogin.framework",
				"${BUILT_PRODUCTS_DIR}/FeedKit/FeedKit.framework",
				"${BUILT_PRODUCTS_DIR}/SDWebImage/SDWebImage.framework",
				"${BUILT_PRODUCTS_DIR}/youtube-ios-player-helper/youtube_ios_player_helper.framework",
			);
			name = "[CP] Embed Pods Frameworks";
			outputPaths = (
				"${TARGET_BUILD_DIR}/${FRAMEWORKS_FOLDER_PATH}/Bolts.framework",
				"${TARGET_BUILD_DIR}/${FRAMEWORKS_FOLDER_PATH}/FBSDKCoreKit.framework",
				"${TARGET_BUILD_DIR}/${FRAMEWORKS_FOLDER_PATH}/FBSDKLoginKit.framework",
				"${TARGET_BUILD_DIR}/${FRAMEWORKS_FOLDER_PATH}/FacebookCore.framework",
				"${TARGET_BUILD_DIR}/${FRAMEWORKS_FOLDER_PATH}/FacebookLogin.framework",
				"${TARGET_BUILD_DIR}/${FRAMEWORKS_FOLDER_PATH}/FeedKit.framework",
				"${TARGET_BUILD_DIR}/${FRAMEWORKS_FOLDER_PATH}/SDWebImage.framework",
				"${TARGET_BUILD_DIR}/${FRAMEWORKS_FOLDER_PATH}/youtube_ios_player_helper.framework",
			);
			runOnlyForDeploymentPostprocessing = 0;
			shellPath = /bin/sh;
			shellScript = "\"${SRCROOT}/Pods/Target Support Files/Pods-Saturn/Pods-Saturn-frameworks.sh\"\n";
			showEnvVarsInLog = 0;
		};
		875410CA9D3714A5D5D9FFCF /* [CP] Check Pods Manifest.lock */ = {
			isa = PBXShellScriptBuildPhase;
			buildActionMask = 2147483647;
			files = (
			);
			inputPaths = (
				"${PODS_PODFILE_DIR_PATH}/Podfile.lock",
				"${PODS_ROOT}/Manifest.lock",
			);
			name = "[CP] Check Pods Manifest.lock";
			outputPaths = (
				"$(DERIVED_FILE_DIR)/Pods-Saturn-checkManifestLockResult.txt",
			);
			runOnlyForDeploymentPostprocessing = 0;
			shellPath = /bin/sh;
			shellScript = "diff \"${PODS_PODFILE_DIR_PATH}/Podfile.lock\" \"${PODS_ROOT}/Manifest.lock\" > /dev/null\nif [ $? != 0 ] ; then\n    # print error to STDERR\n    echo \"error: The sandbox is not in sync with the Podfile.lock. Run 'pod install' or update your CocoaPods installation.\" >&2\n    exit 1\nfi\n# This output is used by Xcode 'outputs' to avoid re-running this script phase.\necho \"SUCCESS\" > \"${SCRIPT_OUTPUT_FILE_0}\"\n";
			showEnvVarsInLog = 0;
		};
		BACF96A479CB7F3AE740C164 /* [CP] Embed Pods Frameworks */ = {
			isa = PBXShellScriptBuildPhase;
			buildActionMask = 2147483647;
			files = (
			);
			inputPaths = (
			);
			name = "[CP] Embed Pods Frameworks";
			outputPaths = (
			);
			runOnlyForDeploymentPostprocessing = 0;
			shellPath = /bin/sh;
			shellScript = "\"${SRCROOT}/Pods/Target Support Files/Pods-SaturnTests/Pods-SaturnTests-frameworks.sh\"\n";
			showEnvVarsInLog = 0;
		};
		CBAA4CF07064E0B4DA087907 /* [CP] Copy Pods Resources */ = {
			isa = PBXShellScriptBuildPhase;
			buildActionMask = 2147483647;
			files = (
			);
			inputPaths = (
				"${SRCROOT}/Pods/Target Support Files/Pods-Saturn/Pods-Saturn-resources.sh",
				"${PODS_ROOT}/TwitterKit/iOS/TwitterKit.framework/TwitterKitResources.bundle",
				"${PODS_ROOT}/TwitterKit/iOS/TwitterKit.framework/TwitterShareExtensionUIResources.bundle",
			);
			name = "[CP] Copy Pods Resources";
			outputPaths = (
				"${TARGET_BUILD_DIR}/${UNLOCALIZED_RESOURCES_FOLDER_PATH}",
			);
			runOnlyForDeploymentPostprocessing = 0;
			shellPath = /bin/sh;
			shellScript = "\"${SRCROOT}/Pods/Target Support Files/Pods-Saturn/Pods-Saturn-resources.sh\"\n";
			showEnvVarsInLog = 0;
		};
		D95DE808A6FB4614C56CB0D1 /* [CP] Copy Pods Resources */ = {
			isa = PBXShellScriptBuildPhase;
			buildActionMask = 2147483647;
			files = (
			);
			inputPaths = (
			);
			name = "[CP] Copy Pods Resources";
			outputPaths = (
			);
			runOnlyForDeploymentPostprocessing = 0;
			shellPath = /bin/sh;
			shellScript = "\"${SRCROOT}/Pods/Target Support Files/Pods-SaturnTests/Pods-SaturnTests-resources.sh\"\n";
			showEnvVarsInLog = 0;
		};
		E733B64C1EEEEC7200FC1CEA /* Run SwiftLint */ = {
			isa = PBXShellScriptBuildPhase;
			buildActionMask = 2147483647;
			files = (
			);
			inputPaths = (
			);
			name = "Run SwiftLint";
			outputPaths = (
			);
			runOnlyForDeploymentPostprocessing = 0;
			shellPath = /bin/sh;
			shellScript = "\"${PODS_ROOT}/SwiftLint/swiftlint\"";
		};
/* End PBXShellScriptBuildPhase section */

/* Begin PBXSourcesBuildPhase section */
		E74D0FFA1EC4FE870057E519 /* Sources */ = {
			isa = PBXSourcesBuildPhase;
			buildActionMask = 2147483647;
			files = (
				E74D100A1EC4FE870057E519 /* Saturn.xcdatamodeld in Sources */,
				E73679541EFEDB0200859696 /* NewsProvider+Fetchable.swift in Sources */,
				E7AB991E1EE880ED00E3BFFF /* SourceTableViewCell.swift in Sources */,
				E75961931EE470C40030921F /* FeedEditorTableViewController.swift in Sources */,
				E7F3E8CB1F23E7F0003F80D4 /* FetchConstants.swift in Sources */,
				E7705E571ECCDE2C0047D1E7 /* ModelTableViewController.swift in Sources */,
				E7AB991C1EE8740C00E3BFFF /* AddSourceTableViewCell.swift in Sources */,
				E787C8BA1ECB9267000D7728 /* FeedTableViewCell.swift in Sources */,
				E7FC7E8B1F1C314C00734AAE /* NewsTableViewCell.swift in Sources */,
				E760B74A1F1D2FE00020BC81 /* Facebook.swift in Sources */,
				E7882B1C1F1BC20B007E4512 /* Twitter.swift in Sources */,
				E776FCF51F112DE5001CFC42 /* NewsTableViewController.swift in Sources */,
				E74D10021EC4FE870057E519 /* AppDelegate.swift in Sources */,
				E792068C1F13DFA400E81470 /* NewsFeed+Fetchable.swift in Sources */,
				E7AF54691F214E970011BF93 /* YouTube.swift in Sources */,
				E7CA97C91EFEB44200BD5DE6 /* NewsProviderIdentifier.swift in Sources */,
				E7882B181F1BBFA1007E4512 /* Fetchable.swift in Sources */,
				E714F1661F375F7F006A76E4 /* RSS.swift in Sources */,
				E787C8B81ECB9175000D7728 /* FeedListTableViewController.swift in Sources */,
				E7AF37571F44AFCB002060E9 /* News.swift in Sources */,
				E75961971EE4B0DE0030921F /* NameTableViewCell.swift in Sources */,
				E7C5FC441F3CFCC800F5D9C7 /* Reddit.swift in Sources */,
				E74E59801EC9085C008F8248 /* ModelController.swift in Sources */,
				E736794E1EFED20A00859696 /* NewsSource+Fetchable.swift in Sources */,
			);
			runOnlyForDeploymentPostprocessing = 0;
		};
		E74D10111EC4FE870057E519 /* Sources */ = {
			isa = PBXSourcesBuildPhase;
			buildActionMask = 2147483647;
			files = (
				E74D101A1EC4FE870057E519 /* SaturnTests.swift in Sources */,
			);
			runOnlyForDeploymentPostprocessing = 0;
		};
/* End PBXSourcesBuildPhase section */

/* Begin PBXTargetDependency section */
		E74D10171EC4FE870057E519 /* PBXTargetDependency */ = {
			isa = PBXTargetDependency;
			target = E74D0FFD1EC4FE870057E519 /* Saturn */;
			targetProxy = E74D10161EC4FE870057E519 /* PBXContainerItemProxy */;
		};
/* End PBXTargetDependency section */

/* Begin PBXVariantGroup section */
		E74D10051EC4FE870057E519 /* Main.storyboard */ = {
			isa = PBXVariantGroup;
			children = (
				E74D10061EC4FE870057E519 /* Base */,
			);
			name = Main.storyboard;
			sourceTree = "<group>";
		};
		E74D100D1EC4FE870057E519 /* LaunchScreen.storyboard */ = {
			isa = PBXVariantGroup;
			children = (
				E74D100E1EC4FE870057E519 /* Base */,
			);
			name = LaunchScreen.storyboard;
			sourceTree = "<group>";
		};
		E7D1CCD41F3D044900E31E5E /* FeedEditor.storyboard */ = {
			isa = PBXVariantGroup;
			children = (
				E7D1CCD31F3D044900E31E5E /* Base */,
			);
			name = FeedEditor.storyboard;
			sourceTree = "<group>";
		};
		E7D1CCD51F3D05BA00E31E5E /* Localizable.strings */ = {
			isa = PBXVariantGroup;
			children = (
				E7D1CCD61F3D05BA00E31E5E /* Base */,
			);
			name = Localizable.strings;
			sourceTree = "<group>";
		};
/* End PBXVariantGroup section */

/* Begin XCBuildConfiguration section */
		E74D101C1EC4FE870057E519 /* Debug */ = {
			isa = XCBuildConfiguration;
			buildSettings = {
				ALWAYS_SEARCH_USER_PATHS = NO;
				CLANG_ANALYZER_NONNULL = YES;
				CLANG_ANALYZER_NUMBER_OBJECT_CONVERSION = YES_AGGRESSIVE;
				CLANG_CXX_LANGUAGE_STANDARD = "gnu++0x";
				CLANG_CXX_LIBRARY = "libc++";
				CLANG_ENABLE_MODULES = YES;
				CLANG_ENABLE_OBJC_ARC = YES;
				CLANG_WARN_BLOCK_CAPTURE_AUTORELEASING = YES;
				CLANG_WARN_BOOL_CONVERSION = YES;
				CLANG_WARN_COMMA = YES;
				CLANG_WARN_CONSTANT_CONVERSION = YES;
				CLANG_WARN_DIRECT_OBJC_ISA_USAGE = YES_ERROR;
				CLANG_WARN_DOCUMENTATION_COMMENTS = YES;
				CLANG_WARN_EMPTY_BODY = YES;
				CLANG_WARN_ENUM_CONVERSION = YES;
				CLANG_WARN_INFINITE_RECURSION = YES;
				CLANG_WARN_INT_CONVERSION = YES;
				CLANG_WARN_NON_LITERAL_NULL_CONVERSION = YES;
				CLANG_WARN_OBJC_LITERAL_CONVERSION = YES;
				CLANG_WARN_OBJC_ROOT_CLASS = YES_ERROR;
				CLANG_WARN_RANGE_LOOP_ANALYSIS = YES;
				CLANG_WARN_STRICT_PROTOTYPES = YES;
				CLANG_WARN_SUSPICIOUS_MOVE = YES;
				CLANG_WARN_UNREACHABLE_CODE = YES;
				CLANG_WARN__DUPLICATE_METHOD_MATCH = YES;
				CODE_SIGN_IDENTITY = "iPhone Developer: Mester Zsolt (3E562M2SE8)";
				"CODE_SIGN_IDENTITY[sdk=iphoneos*]" = "iPhone Developer: Mester Zsolt (3E562M2SE8)";
				COPY_PHASE_STRIP = NO;
				DEBUG_INFORMATION_FORMAT = dwarf;
				DEVELOPMENT_TEAM = TA8QE3C2AH;
				ENABLE_STRICT_OBJC_MSGSEND = YES;
				ENABLE_TESTABILITY = YES;
				GCC_C_LANGUAGE_STANDARD = gnu99;
				GCC_DYNAMIC_NO_PIC = NO;
				GCC_NO_COMMON_BLOCKS = YES;
				GCC_OPTIMIZATION_LEVEL = 0;
				GCC_PREPROCESSOR_DEFINITIONS = (
					"DEBUG=1",
					"$(inherited)",
				);
				GCC_WARN_64_TO_32_BIT_CONVERSION = YES;
				GCC_WARN_ABOUT_RETURN_TYPE = YES_ERROR;
				GCC_WARN_UNDECLARED_SELECTOR = YES;
				GCC_WARN_UNINITIALIZED_AUTOS = YES_AGGRESSIVE;
				GCC_WARN_UNUSED_FUNCTION = YES;
				GCC_WARN_UNUSED_VARIABLE = YES;
				IPHONEOS_DEPLOYMENT_TARGET = 11.0;
				MTL_ENABLE_DEBUG_INFO = YES;
				ONLY_ACTIVE_ARCH = YES;
				SDKROOT = iphoneos;
				SWIFT_ACTIVE_COMPILATION_CONDITIONS = DEBUG;
				SWIFT_OPTIMIZATION_LEVEL = "-Onone";
				TARGETED_DEVICE_FAMILY = "1,2";
			};
			name = Debug;
		};
		E74D101D1EC4FE870057E519 /* Release */ = {
			isa = XCBuildConfiguration;
			buildSettings = {
				ALWAYS_SEARCH_USER_PATHS = NO;
				CLANG_ANALYZER_NONNULL = YES;
				CLANG_ANALYZER_NUMBER_OBJECT_CONVERSION = YES_AGGRESSIVE;
				CLANG_CXX_LANGUAGE_STANDARD = "gnu++0x";
				CLANG_CXX_LIBRARY = "libc++";
				CLANG_ENABLE_MODULES = YES;
				CLANG_ENABLE_OBJC_ARC = YES;
				CLANG_WARN_BLOCK_CAPTURE_AUTORELEASING = YES;
				CLANG_WARN_BOOL_CONVERSION = YES;
				CLANG_WARN_COMMA = YES;
				CLANG_WARN_CONSTANT_CONVERSION = YES;
				CLANG_WARN_DIRECT_OBJC_ISA_USAGE = YES_ERROR;
				CLANG_WARN_DOCUMENTATION_COMMENTS = YES;
				CLANG_WARN_EMPTY_BODY = YES;
				CLANG_WARN_ENUM_CONVERSION = YES;
				CLANG_WARN_INFINITE_RECURSION = YES;
				CLANG_WARN_INT_CONVERSION = YES;
				CLANG_WARN_NON_LITERAL_NULL_CONVERSION = YES;
				CLANG_WARN_OBJC_LITERAL_CONVERSION = YES;
				CLANG_WARN_OBJC_ROOT_CLASS = YES_ERROR;
				CLANG_WARN_RANGE_LOOP_ANALYSIS = YES;
				CLANG_WARN_STRICT_PROTOTYPES = YES;
				CLANG_WARN_SUSPICIOUS_MOVE = YES;
				CLANG_WARN_UNREACHABLE_CODE = YES;
				CLANG_WARN__DUPLICATE_METHOD_MATCH = YES;
				CODE_SIGN_IDENTITY = "iPhone Distribution: Mester Zsolt (TA8QE3C2AH)";
				"CODE_SIGN_IDENTITY[sdk=iphoneos*]" = "iPhone Distribution: Mester Zsolt (TA8QE3C2AH)";
				COPY_PHASE_STRIP = NO;
				DEBUG_INFORMATION_FORMAT = "dwarf-with-dsym";
				DEVELOPMENT_TEAM = TA8QE3C2AH;
				ENABLE_NS_ASSERTIONS = NO;
				ENABLE_STRICT_OBJC_MSGSEND = YES;
				GCC_C_LANGUAGE_STANDARD = gnu99;
				GCC_NO_COMMON_BLOCKS = YES;
				GCC_WARN_64_TO_32_BIT_CONVERSION = YES;
				GCC_WARN_ABOUT_RETURN_TYPE = YES_ERROR;
				GCC_WARN_UNDECLARED_SELECTOR = YES;
				GCC_WARN_UNINITIALIZED_AUTOS = YES_AGGRESSIVE;
				GCC_WARN_UNUSED_FUNCTION = YES;
				GCC_WARN_UNUSED_VARIABLE = YES;
				IPHONEOS_DEPLOYMENT_TARGET = 11.0;
				MTL_ENABLE_DEBUG_INFO = NO;
				SDKROOT = iphoneos;
				SWIFT_OPTIMIZATION_LEVEL = "-Owholemodule";
				TARGETED_DEVICE_FAMILY = "1,2";
				VALIDATE_PRODUCT = YES;
			};
			name = Release;
		};
		E74D101F1EC4FE870057E519 /* Debug */ = {
			isa = XCBuildConfiguration;
			baseConfigurationReference = E06FCF65D2E3A172E1C31169 /* Pods-Saturn.debug.xcconfig */;
			buildSettings = {
				ASSETCATALOG_COMPILER_APPICON_NAME = AppIcon;
				CODE_SIGN_IDENTITY = "iPhone Developer: Mester Zsolt (3E562M2SE8)";
				"CODE_SIGN_IDENTITY[sdk=iphoneos*]" = "iPhone Developer: Mester Zsolt (3E562M2SE8)";
				CODE_SIGN_STYLE = Manual;
				DEVELOPMENT_TEAM = TA8QE3C2AH;
				INFOPLIST_FILE = Saturn/Info.plist;
				LD_RUNPATH_SEARCH_PATHS = "$(inherited) @executable_path/Frameworks";
				PRODUCT_BUNDLE_IDENTIFIER = zsoltmester.Saturn;
				PRODUCT_NAME = "$(TARGET_NAME)";
				PROVISIONING_PROFILE = "fabe2d23-a8e7-46fb-81e7-fea47e0821da";
				PROVISIONING_PROFILE_SPECIFIER = SaturnDevelopmentProvisioningProfile;
				SWIFT_SWIFT3_OBJC_INFERENCE = Default;
				SWIFT_VERSION = 4.0;
				TARGETED_DEVICE_FAMILY = 1;
			};
			name = Debug;
		};
		E74D10201EC4FE870057E519 /* Release */ = {
			isa = XCBuildConfiguration;
			baseConfigurationReference = 69CA75CC4FC4BFA3BE21445E /* Pods-Saturn.release.xcconfig */;
			buildSettings = {
				ASSETCATALOG_COMPILER_APPICON_NAME = AppIcon;
				CODE_SIGN_IDENTITY = "iPhone Distribution: Mester Zsolt (TA8QE3C2AH)";
				"CODE_SIGN_IDENTITY[sdk=iphoneos*]" = "iPhone Distribution: Mester Zsolt (TA8QE3C2AH)";
				CODE_SIGN_STYLE = Manual;
				DEVELOPMENT_TEAM = TA8QE3C2AH;
				INFOPLIST_FILE = Saturn/Info.plist;
				LD_RUNPATH_SEARCH_PATHS = "$(inherited) @executable_path/Frameworks";
				PRODUCT_BUNDLE_IDENTIFIER = zsoltmester.Saturn;
				PRODUCT_NAME = "$(TARGET_NAME)";
				PROVISIONING_PROFILE = "e3ef756e-241f-482e-9211-4b13ed4f36d1";
				PROVISIONING_PROFILE_SPECIFIER = SaturnDistributionProvisioningProfile;
				SWIFT_SWIFT3_OBJC_INFERENCE = Default;
				SWIFT_VERSION = 4.0;
				TARGETED_DEVICE_FAMILY = 1;
			};
			name = Release;
		};
		E74D10221EC4FE870057E519 /* Debug */ = {
			isa = XCBuildConfiguration;
			baseConfigurationReference = 8DC5679DB6A89A3C1D654417 /* Pods-SaturnTests.debug.xcconfig */;
			buildSettings = {
				ALWAYS_EMBED_SWIFT_STANDARD_LIBRARIES = YES;
				BUNDLE_LOADER = "$(TEST_HOST)";
				DEVELOPMENT_TEAM = TA8QE3C2AH;
				INFOPLIST_FILE = SaturnTests/Info.plist;
				LD_RUNPATH_SEARCH_PATHS = "$(inherited) @executable_path/Frameworks @loader_path/Frameworks";
				PRODUCT_BUNDLE_IDENTIFIER = zsoltmester.SaturnTests;
				PRODUCT_NAME = "$(TARGET_NAME)";
				SWIFT_SWIFT3_OBJC_INFERENCE = Default;
				SWIFT_VERSION = 4.0;
				TEST_HOST = "$(BUILT_PRODUCTS_DIR)/Saturn.app/Saturn";
			};
			name = Debug;
		};
		E74D10231EC4FE870057E519 /* Release */ = {
			isa = XCBuildConfiguration;
			baseConfigurationReference = 6B34A9940099C16666BD4905 /* Pods-SaturnTests.release.xcconfig */;
			buildSettings = {
				ALWAYS_EMBED_SWIFT_STANDARD_LIBRARIES = YES;
				BUNDLE_LOADER = "$(TEST_HOST)";
				DEVELOPMENT_TEAM = TA8QE3C2AH;
				INFOPLIST_FILE = SaturnTests/Info.plist;
				LD_RUNPATH_SEARCH_PATHS = "$(inherited) @executable_path/Frameworks @loader_path/Frameworks";
				PRODUCT_BUNDLE_IDENTIFIER = zsoltmester.SaturnTests;
				PRODUCT_NAME = "$(TARGET_NAME)";
				SWIFT_SWIFT3_OBJC_INFERENCE = Default;
				SWIFT_VERSION = 4.0;
				TEST_HOST = "$(BUILT_PRODUCTS_DIR)/Saturn.app/Saturn";
			};
			name = Release;
		};
/* End XCBuildConfiguration section */

/* Begin XCConfigurationList section */
		E74D0FF91EC4FE870057E519 /* Build configuration list for PBXProject "Saturn" */ = {
			isa = XCConfigurationList;
			buildConfigurations = (
				E74D101C1EC4FE870057E519 /* Debug */,
				E74D101D1EC4FE870057E519 /* Release */,
			);
			defaultConfigurationIsVisible = 0;
			defaultConfigurationName = Release;
		};
		E74D101E1EC4FE870057E519 /* Build configuration list for PBXNativeTarget "Saturn" */ = {
			isa = XCConfigurationList;
			buildConfigurations = (
				E74D101F1EC4FE870057E519 /* Debug */,
				E74D10201EC4FE870057E519 /* Release */,
			);
			defaultConfigurationIsVisible = 0;
			defaultConfigurationName = Release;
		};
		E74D10211EC4FE870057E519 /* Build configuration list for PBXNativeTarget "SaturnTests" */ = {
			isa = XCConfigurationList;
			buildConfigurations = (
				E74D10221EC4FE870057E519 /* Debug */,
				E74D10231EC4FE870057E519 /* Release */,
			);
			defaultConfigurationIsVisible = 0;
			defaultConfigurationName = Release;
		};
/* End XCConfigurationList section */

/* Begin XCVersionGroup section */
		E74D10081EC4FE870057E519 /* Saturn.xcdatamodeld */ = {
			isa = XCVersionGroup;
			children = (
				E74D10091EC4FE870057E519 /* Saturn.xcdatamodel */,
			);
			currentVersion = E74D10091EC4FE870057E519 /* Saturn.xcdatamodel */;
			path = Saturn.xcdatamodeld;
			sourceTree = "<group>";
			versionGroupType = wrapper.xcdatamodel;
		};
/* End XCVersionGroup section */
	};
	rootObject = E74D0FF61EC4FE870057E519 /* Project object */;
}
