PODS:
  - Bolts (1.8.4):
    - Bolts/AppLinks (= 1.8.4)
    - Bolts/Tasks (= 1.8.4)
  - Bolts/AppLinks (1.8.4):
    - Bolts/Tasks
  - Bolts/Tasks (1.8.4)
  - FacebookCore (0.2.0):
    - Bolts (~> 1.8)
    - FBSDKCoreKit (~> 4.15)
  - FacebookLogin (0.2.0):
    - Bolts (~> 1.8)
    - FacebookCore (~> 0.2)
    - FBSDKCoreKit (~> 4.15)
    - FBSDKLoginKit (~> 4.15)
  - FBSDKCoreKit (4.25.0):
    - Bolts (~> 1.7)
  - FBSDKLoginKit (4.25.0):
    - FBSDKCoreKit
  - Pastel (0.3.0)
  - SwiftLint (0.20.1)
  - TwitterCore (3.0.0)
  - TwitterKit (3.0.4):
    - TwitterCore (>= 3.0.0)

DEPENDENCIES:
  - FacebookCore (~> 0.2.0)
  - FacebookLogin (~> 0.2.0)
  - Pastel (~> 0.3.0)
  - SwiftLint (~> 0.20.0)
  - TwitterKit (~> 3.0.0)

SPEC CHECKSUMS:
  Bolts: 8a7995239dbe724f9cba2248b766d48b7ebdd322
  FacebookCore: 2cb3f0fbff218e9d3119cec84bae983b232412de
  FacebookLogin: c9d606504735780a9e3002465a615512e0a691a5
  FBSDKCoreKit: 53e3f4bfb64e80c5f229dd30ae33ff57fbbbd2d1
  FBSDKLoginKit: f628c09684dae9c17f071cf90b014e886f5093ea
  Pastel: 738740c84f2b15bbcd96ebe99c4e6c2f5dd42262
  SwiftLint: f60095dc173a3f3ec505bb34f5229c3dfd779a54
  TwitterCore: 8ce250be1eb34633a0e6acc89520d4165ec52c10
  TwitterKit: 5064d99632a8d6e5f1364e6e8f7b211d196c0840

PODFILE CHECKSUM: 5a109913f544f9368534831af0a97c121c999cf6

COCOAPODS: 1.3.0
